
Microsoft Visual Studio Solution File, Format Version 12.00
# Visual Studio Version 16
VisualStudioVersion = 16.0.810.11
MinimumVisualStudioVersion = 10.0.40219.1
Project("{FAE04EC0-301F-11D3-BF4B-00C04F79EFBC}") = "TestCode", "TestCode\TestCode.csproj", "{A523DAE0-E442-4775-837D-15AEA9105570}"
EndProject
Global
	GlobalSection(SolutionConfigurationPlatforms) = preSolution
		Debug|anycpu = Debug|anycpu
		Release|anycpu = Release|anycpu
	EndGlobalSection
	GlobalSection(ProjectConfigurationPlatforms) = postSolution
		{A523DAE0-E442-4775-837D-15AEA9105570}.Debug|anycpu.ActiveCfg = Debug|anycpu
		{A523DAE0-E442-4775-837D-15AEA9105570}.Debug|anycpu.Build.0 = Debug|anycpu
		{A523DAE0-E442-4775-837D-15AEA9105570}.Release|anycpu.ActiveCfg = Release|anycpu
		{A523DAE0-E442-4775-837D-15AEA9105570}.Release|anycpu.Build.0 = Release|anycpu
	EndGlobalSection
	GlobalSection(SolutionProperties) = preSolution
		HideSolutionNode = FALSE
	EndGlobalSection
	GlobalSection(ExtensibilityGlobals) = postSolution
		SolutionGuid = {447B1595-F482-46D4-9849-03A1AA4A4601}
	EndGlobalSection
EndGlobal
